
Microsoft Visual Studio Solution File, Format Version 12.00
# Visual Studio 15
VisualStudioVersion = 15.0.28307.1321
MinimumVisualStudioVersion = 10.0.40219.1
Project("{FAE04EC0-301F-11D3-BF4B-00C04F79EFBC}") = "ImagePNG", "ImagePNG.csproj", "{FB7E497E-414E-478C-A0FE-F82F375304B6}"
EndProject
Global
	GlobalSection(SolutionConfigurationPlatforms) = preSolution
		Debug|Any CPU = Debug|Any CPU
		Release|Any CPU = Release|Any CPU
	EndGlobalSection
	GlobalSection(ProjectConfigurationPlatforms) = postSolution
		{FB7E497E-414E-478C-A0FE-F82F375304B6}.Debug|Any CPU.ActiveCfg = Debug|Any CPU
		{FB7E497E-414E-478C-A0FE-F82F375304B6}.Debug|Any CPU.Build.0 = Debug|Any CPU
		{FB7E497E-414E-478C-A0FE-F82F375304B6}.Release|Any CPU.ActiveCfg = Release|Any CPU
		{FB7E497E-414E-478C-A0FE-F82F375304B6}.Release|Any CPU.Build.0 = Release|Any CPU
	EndGlobalSection
	GlobalSection(SolutionProperties) = preSolution
		HideSolutionNode = FALSE
	EndGlobalSection
	GlobalSection(ExtensibilityGlobals) = postSolution
		SolutionGuid = {DF01621D-A52C-48D7-BFC0-1FAA19E23247}
	EndGlobalSection
EndGlobal
